
Microsoft Visual Studio Solution File, Format Version 12.00
# Visual Studio Version 17
VisualStudioVersion = 17.3.32819.101
MinimumVisualStudioVersion = 10.0.40219.1
Project("{FAE04EC0-301F-11D3-BF4B-00C04F79EFBC}") = "SimpleWebServer", "SimpleWebServer\SimpleWebServer.csproj", "{F30BC739-5701-47E8-AA22-05446180A20D}"
EndProject
Project("{FAE04EC0-301F-11D3-BF4B-00C04F79EFBC}") = "SimpleWebServer.TestConsole", "SimpleWebServer.TestConsole\SimpleWebServer.TestConsole.csproj", "{3FB2DC99-5C4A-414A-A8E1-A6B21B65B638}"
EndProject
Global
	GlobalSection(SolutionConfigurationPlatforms) = preSolution
		Debug|Any CPU = Debug|Any CPU
		Release|Any CPU = Release|Any CPU
	EndGlobalSection
	GlobalSection(ProjectConfigurationPlatforms) = postSolution
		{F30BC739-5701-47E8-AA22-05446180A20D}.Debug|Any CPU.ActiveCfg = Debug|Any CPU
		{F30BC739-5701-47E8-AA22-05446180A20D}.Debug|Any CPU.Build.0 = Debug|Any CPU
		{F30BC739-5701-47E8-AA22-05446180A20D}.Release|Any CPU.ActiveCfg = Release|Any CPU
		{F30BC739-5701-47E8-AA22-05446180A20D}.Release|Any CPU.Build.0 = Release|Any CPU
		{3FB2DC99-5C4A-414A-A8E1-A6B21B65B638}.Debug|Any CPU.ActiveCfg = Debug|Any CPU
		{3FB2DC99-5C4A-414A-A8E1-A6B21B65B638}.Debug|Any CPU.Build.0 = Debug|Any CPU
		{3FB2DC99-5C4A-414A-A8E1-A6B21B65B638}.Release|Any CPU.ActiveCfg = Release|Any CPU
		{3FB2DC99-5C4A-414A-A8E1-A6B21B65B638}.Release|Any CPU.Build.0 = Release|Any CPU
	EndGlobalSection
	GlobalSection(SolutionProperties) = preSolution
		HideSolutionNode = FALSE
	EndGlobalSection
	GlobalSection(ExtensibilityGlobals) = postSolution
		SolutionGuid = {30A25105-84CC-4CE1-B903-2A8DC6F01DBB}
	EndGlobalSection
EndGlobal
